# THIS IS AN AUTOGENERATED FILE. DO NOT EDIT THIS FILE DIRECTLY.
# yarn lockfile v1


draggabilly@2.2.0:
  version "2.2.0"
  resolved "https://registry.yarnpkg.com/draggabilly/-/draggabilly-2.2.0.tgz#9bac6849816c5cd4e4a59707f63f14ea7d863baf"
  integrity sha512-SygXstYyzRgLcb7VGr03QYC7166wgoaUfBoA9y+hiI7Swkyct4NNFDrEmO6T4Sz35qo71j0QAmuTagUGcwxWbg==
  dependencies:
    get-size "^2.0.2"
    unidragger "^2.3.0"

ev-emitter@^1.0.1:
  version "1.1.1"
  resolved "https://registry.yarnpkg.com/ev-emitter/-/ev-emitter-1.1.1.tgz#8f18b0ce5c76a5d18017f71c0a795c65b9138f2a"
  integrity sha512-ipiDYhdQSCZ4hSbX4rMW+XzNKMD1prg/sTvoVmSLkuQ1MVlwjJQQA+sW8tMYR3BLUr9KjodFV4pvzunvRhd33Q==

get-size@^2.0.2:
  version "2.0.3"
  resolved "https://registry.yarnpkg.com/get-size/-/get-size-2.0.3.tgz#54a1d0256b20ea7ac646516756202769941ad2ef"
  integrity sha512-lXNzT/h/dTjTxRbm9BXb+SGxxzkm97h/PCIKtlN/CBCxxmkkIVV21udumMS93MuVTDX583gqc94v3RjuHmI+2Q==

unidragger@^2.3.0:
  version "2.4.0"
  resolved "https://registry.yarnpkg.com/unidragger/-/unidragger-2.4.0.tgz#4cd7e564317af0ef42632d5984a82d4ae6314d8d"
  integrity sha512-MueZK2oXuGE6OAlGKIrSXK2zCq+8yb1QUZgqyTDCSJzvwYL0g2Llrad+TtoQTYxtFnNyxxSw0IMnKNIgEMia1w==
  dependencies:
    unipointer "^2.4.0"

unipointer@^2.4.0:
  version "2.4.0"
  resolved "https://registry.yarnpkg.com/unipointer/-/unipointer-2.4.0.tgz#ac7316aff6170ff87a4b008e55e842fb4bf13181"
  integrity sha512-VjzDLPjGK7aYpQKH7bnDZS8X4axF5AFU/LQi+NQe1oyEHfaz6lWKhaQ7n4o7vJ1iJ4i2T0quCIfrQM139p05Sw==
  dependencies:
    ev-emitter "^1.0.1"
